// !$*UTF8*$!
{
	archiveVersion = 1;
	classes = {
	};
	objectVersion = 51;
	objects = {

/* Begin PBXBuildFile section */
		1971265624618A3A00A6E326 /* AppDelegate.swift in Sources */ = {isa = PBXBuildFile; fileRef = 1971265524618A3A00A6E326 /* AppDelegate.swift */; };
		1971265A24618A3A00A6E326 /* ViewController.swift in Sources */ = {isa = PBXBuildFile; fileRef = 1971265924618A3A00A6E326 /* ViewController.swift */; };
		1971265D24618A3A00A6E326 /* Main.storyboard in Resources */ = {isa = PBXBuildFile; fileRef = 1971265B24618A3A00A6E326 /* Main.storyboard */; };
		1971265F24618A4100A6E326 /* Assets.xcassets in Resources */ = {isa = PBXBuildFile; fileRef = 1971265E24618A4100A6E326 /* Assets.xcassets */; };
		1971266224618A4100A6E326 /* LaunchScreen.storyboard in Resources */ = {isa = PBXBuildFile; fileRef = 1971266024618A4100A6E326 /* LaunchScreen.storyboard */; };
		1971266A24618BA700A6E326 /* GlueViewController.swift in Sources */ = {isa = PBXBuildFile; fileRef = 1971266924618BA700A6E326 /* GlueViewController.swift */; };
		1971266C24618C0D00A6E326 /* SplitViewController.swift in Sources */ = {isa = PBXBuildFile; fileRef = 1971266B24618C0D00A6E326 /* SplitViewController.swift */; };
		1971266E24618EE600A6E326 /* ImageCropper.swift in Sources */ = {isa = PBXBuildFile; fileRef = 1971266D24618EE600A6E326 /* ImageCropper.swift */; };
		197126722461B08F00A6E326 /* SquareImageCell.swift in Sources */ = {isa = PBXBuildFile; fileRef = 197126712461B08F00A6E326 /* SquareImageCell.swift */; };
		197126762461C46B00A6E326 /* SlicesCell.swift in Sources */ = {isa = PBXBuildFile; fileRef = 197126752461C46B00A6E326 /* SlicesCell.swift */; };
		1971267924621C2400A6E326 /* ImageHelper.swift in Sources */ = {isa = PBXBuildFile; fileRef = 1971267824621C2400A6E326 /* ImageHelper.swift */; };
		CCF70330DF1E2184F3691C68 /* Pods_ClientApplication.framework in Frameworks */ = {isa = PBXBuildFile; fileRef = D6A83CD8977DAFD1AA698446 /* Pods_ClientApplication.framework */; };
/* End PBXBuildFile section */

/* Begin PBXFileReference section */
		1971265224618A3A00A6E326 /* ClientApplication.app */ = {isa = PBXFileReference; explicitFileType = wrapper.application; includeInIndex = 0; path = ClientApplication.app; sourceTree = BUILT_PRODUCTS_DIR; };
		1971265524618A3A00A6E326 /* AppDelegate.swift */ = {isa = PBXFileReference; lastKnownFileType = sourcecode.swift; path = AppDelegate.swift; sourceTree = "<group>"; };
		1971265924618A3A00A6E326 /* ViewController.swift */ = {isa = PBXFileReference; lastKnownFileType = sourcecode.swift; path = ViewController.swift; sourceTree = "<group>"; };
		1971265C24618A3A00A6E326 /* Base */ = {isa = PBXFileReference; lastKnownFileType = file.storyboard; name = Base; path = Base.lproj/Main.storyboard; sourceTree = "<group>"; };
		1971265E24618A4100A6E326 /* Assets.xcassets */ = {isa = PBXFileReference; lastKnownFileType = folder.assetcatalog; path = Assets.xcassets; sourceTree = "<group>"; };
		1971266124618A4100A6E326 /* Base */ = {isa = PBXFileReference; lastKnownFileType = file.storyboard; name = Base; path = Base.lproj/LaunchScreen.storyboard; sourceTree = "<group>"; };
		1971266324618A4100A6E326 /* Info.plist */ = {isa = PBXFileReference; lastKnownFileType = text.plist.xml; path = Info.plist; sourceTree = "<group>"; };
		1971266924618BA700A6E326 /* GlueViewController.swift */ = {isa = PBXFileReference; lastKnownFileType = sourcecode.swift; path = GlueViewController.swift; sourceTree = "<group>"; };
		1971266B24618C0D00A6E326 /* SplitViewController.swift */ = {isa = PBXFileReference; lastKnownFileType = sourcecode.swift; path = SplitViewController.swift; sourceTree = "<group>"; };
		1971266D24618EE600A6E326 /* ImageCropper.swift */ = {isa = PBXFileReference; lastKnownFileType = sourcecode.swift; path = ImageCropper.swift; sourceTree = "<group>"; };
		197126712461B08F00A6E326 /* SquareImageCell.swift */ = {isa = PBXFileReference; lastKnownFileType = sourcecode.swift; path = SquareImageCell.swift; sourceTree = "<group>"; };
		197126752461C46B00A6E326 /* SlicesCell.swift */ = {isa = PBXFileReference; lastKnownFileType = sourcecode.swift; path = SlicesCell.swift; sourceTree = "<group>"; };
		1971267824621C2400A6E326 /* ImageHelper.swift */ = {isa = PBXFileReference; lastKnownFileType = sourcecode.swift; path = ImageHelper.swift; sourceTree = "<group>"; };
		44A2F79BC913E7853F773070 /* Pods-ClientApplication.release.xcconfig */ = {isa = PBXFileReference; includeInIndex = 1; lastKnownFileType = text.xcconfig; name = "Pods-ClientApplication.release.xcconfig"; path = "Target Support Files/Pods-ClientApplication/Pods-ClientApplication.release.xcconfig"; sourceTree = "<group>"; };
		994FA49AD43481F61D553F96 /* Pods-ClientApplication.debug.xcconfig */ = {isa = PBXFileReference; includeInIndex = 1; lastKnownFileType = text.xcconfig; name = "Pods-ClientApplication.debug.xcconfig"; path = "Target Support Files/Pods-ClientApplication/Pods-ClientApplication.debug.xcconfig"; sourceTree = "<group>"; };
		D6A83CD8977DAFD1AA698446 /* Pods_ClientApplication.framework */ = {isa = PBXFileReference; explicitFileType = wrapper.framework; includeInIndex = 0; path = Pods_ClientApplication.framework; sourceTree = BUILT_PRODUCTS_DIR; };
/* End PBXFileReference section */

/* Begin PBXFrameworksBuildPhase section */
		1971264F24618A3A00A6E326 /* Frameworks */ = {
			isa = PBXFrameworksBuildPhase;
			buildActionMask = 2147483647;
			files = (
				CCF70330DF1E2184F3691C68 /* Pods_ClientApplication.framework in Frameworks */,
			);
			runOnlyForDeploymentPostprocessing = 0;
		};
/* End PBXFrameworksBuildPhase section */

/* Begin PBXGroup section */
		1971264924618A3A00A6E326 = {
			isa = PBXGroup;
			children = (
				1971265424618A3A00A6E326 /* ClientApplication */,
				1971265324618A3A00A6E326 /* Products */,
				EA60A73F5E3AD2A724C897A0 /* Pods */,
				FAD8008854EECE566920DA16 /* Frameworks */,
			);
			sourceTree = "<group>";
		};
		1971265324618A3A00A6E326 /* Products */ = {
			isa = PBXGroup;
			children = (
				1971265224618A3A00A6E326 /* ClientApplication.app */,
			);
			name = Products;
			sourceTree = "<group>";
		};
		1971265424618A3A00A6E326 /* ClientApplication */ = {
			isa = PBXGroup;
			children = (
				1971265524618A3A00A6E326 /* AppDelegate.swift */,
				197126772461C55A00A6E326 /* HomeScreenView */,
				197126732461B8A900A6E326 /* GlueViews */,
				1971267A24621FD000A6E326 /* Image */,
				1971265B24618A3A00A6E326 /* Main.storyboard */,
				1971265E24618A4100A6E326 /* Assets.xcassets */,
				1971266024618A4100A6E326 /* LaunchScreen.storyboard */,
				1971266324618A4100A6E326 /* Info.plist */,
				197126742461B8BF00A6E326 /* Drafts */,
			);
			path = ClientApplication;
			sourceTree = "<group>";
		};
		197126732461B8A900A6E326 /* GlueViews */ = {
			isa = PBXGroup;
			children = (
				1971266924618BA700A6E326 /* GlueViewController.swift */,
				197126712461B08F00A6E326 /* SquareImageCell.swift */,
			);
			path = GlueViews;
			sourceTree = "<group>";
		};
		197126742461B8BF00A6E326 /* Drafts */ = {
			isa = PBXGroup;
			children = (
				1971266B24618C0D00A6E326 /* SplitViewController.swift */,
			);
			path = Drafts;
			sourceTree = "<group>";
		};
		197126772461C55A00A6E326 /* HomeScreenView */ = {
			isa = PBXGroup;
			children = (
				1971265924618A3A00A6E326 /* ViewController.swift */,
				197126752461C46B00A6E326 /* SlicesCell.swift */,
			);
			path = HomeScreenView;
			sourceTree = "<group>";
		};
		1971267A24621FD000A6E326 /* Image */ = {
			isa = PBXGroup;
			children = (
				1971266D24618EE600A6E326 /* ImageCropper.swift */,
				1971267824621C2400A6E326 /* ImageHelper.swift */,
			);
			path = Image;
			sourceTree = "<group>";
		};
		EA60A73F5E3AD2A724C897A0 /* Pods */ = {
			isa = PBXGroup;
			children = (
				994FA49AD43481F61D553F96 /* Pods-ClientApplication.debug.xcconfig */,
				44A2F79BC913E7853F773070 /* Pods-ClientApplication.release.xcconfig */,
			);
			path = Pods;
			sourceTree = "<group>";
		};
		FAD8008854EECE566920DA16 /* Frameworks */ = {
			isa = PBXGroup;
			children = (
				D6A83CD8977DAFD1AA698446 /* Pods_ClientApplication.framework */,
			);
			name = Frameworks;
			sourceTree = "<group>";
		};
/* End PBXGroup section */

/* Begin PBXNativeTarget section */
		1971265124618A3A00A6E326 /* ClientApplication */ = {
			isa = PBXNativeTarget;
			buildConfigurationList = 1971266624618A4100A6E326 /* Build configuration list for PBXNativeTarget "ClientApplication" */;
			buildPhases = (
				B36F9CD03B8D9535B14B2581 /* [CP] Check Pods Manifest.lock */,
				1971264E24618A3A00A6E326 /* Sources */,
				1971264F24618A3A00A6E326 /* Frameworks */,
				1971265024618A3A00A6E326 /* Resources */,
				BB81CCE43A4E974F920D717B /* [CP] Embed Pods Frameworks */,
			);
			buildRules = (
			);
			dependencies = (
			);
			name = ClientApplication;
			productName = ClientApplication;
			productReference = 1971265224618A3A00A6E326 /* ClientApplication.app */;
			productType = "com.apple.product-type.application";
		};
/* End PBXNativeTarget section */

/* Begin PBXProject section */
		1971264A24618A3A00A6E326 /* Project object */ = {
			isa = PBXProject;
			attributes = {
				LastSwiftUpdateCheck = 1140;
				LastUpgradeCheck = 1140;
				ORGANIZATIONNAME = "Hassan Abbasi";
				TargetAttributes = {
					1971265124618A3A00A6E326 = {
						CreatedOnToolsVersion = 11.4.1;
					};
				};
			};
			buildConfigurationList = 1971264D24618A3A00A6E326 /* Build configuration list for PBXProject "ClientApplication" */;
			compatibilityVersion = "Xcode 9.3";
			developmentRegion = en;
			hasScannedForEncodings = 0;
			knownRegions = (
				en,
				Base,
			);
			mainGroup = 1971264924618A3A00A6E326;
			productRefGroup = 1971265324618A3A00A6E326 /* Products */;
			projectDirPath = "";
			projectRoot = "";
			targets = (
				1971265124618A3A00A6E326 /* ClientApplication */,
			);
		};
/* End PBXProject section */

/* Begin PBXResourcesBuildPhase section */
		1971265024618A3A00A6E326 /* Resources */ = {
			isa = PBXResourcesBuildPhase;
			buildActionMask = 2147483647;
			files = (
				1971266224618A4100A6E326 /* LaunchScreen.storyboard in Resources */,
				1971265F24618A4100A6E326 /* Assets.xcassets in Resources */,
				1971265D24618A3A00A6E326 /* Main.storyboard in Resources */,
			);
			runOnlyForDeploymentPostprocessing = 0;
		};
/* End PBXResourcesBuildPhase section */

/* Begin PBXShellScriptBuildPhase section */
		B36F9CD03B8D9535B14B2581 /* [CP] Check Pods Manifest.lock */ = {
			isa = PBXShellScriptBuildPhase;
			buildActionMask = 2147483647;
			files = (
			);
			inputFileListPaths = (
			);
			inputPaths = (
				"${PODS_PODFILE_DIR_PATH}/Podfile.lock",
				"${PODS_ROOT}/Manifest.lock",
			);
			name = "[CP] Check Pods Manifest.lock";
			outputFileListPaths = (
			);
			outputPaths = (
				"$(DERIVED_FILE_DIR)/Pods-ClientApplication-checkManifestLockResult.txt",
			);
			runOnlyForDeploymentPostprocessing = 0;
			shellPath = /bin/sh;
			shellScript = "diff \"${PODS_PODFILE_DIR_PATH}/Podfile.lock\" \"${PODS_ROOT}/Manifest.lock\" > /dev/null\nif [ $? != 0 ] ; then\n    # print error to STDERR\n    echo \"error: The sandbox is not in sync with the Podfile.lock. Run 'pod install' or update your CocoaPods installation.\" >&2\n    exit 1\nfi\n# This output is used by Xcode 'outputs' to avoid re-running this script phase.\necho \"SUCCESS\" > \"${SCRIPT_OUTPUT_FILE_0}\"\n";
			showEnvVarsInLog = 0;
		};
		BB81CCE43A4E974F920D717B /* [CP] Embed Pods Frameworks */ = {
			isa = PBXShellScriptBuildPhase;
			buildActionMask = 2147483647;
			files = (
			);
			inputFileListPaths = (
				"${PODS_ROOT}/Target Support Files/Pods-ClientApplication/Pods-ClientApplication-frameworks-${CONFIGURATION}-input-files.xcfilelist",
			);
			name = "[CP] Embed Pods Frameworks";
			outputFileListPaths = (
				"${PODS_ROOT}/Target Support Files/Pods-ClientApplication/Pods-ClientApplication-frameworks-${CONFIGURATION}-output-files.xcfilelist",
			);
			runOnlyForDeploymentPostprocessing = 0;
			shellPath = /bin/sh;
			shellScript = "\"${PODS_ROOT}/Target Support Files/Pods-ClientApplication/Pods-ClientApplication-frameworks.sh\"\n";
			showEnvVarsInLog = 0;
		};
/* End PBXShellScriptBuildPhase section */

/* Begin PBXSourcesBuildPhase section */
		1971264E24618A3A00A6E326 /* Sources */ = {
			isa = PBXSourcesBuildPhase;
			buildActionMask = 2147483647;
			files = (
				1971266C24618C0D00A6E326 /* SplitViewController.swift in Sources */,
				1971265A24618A3A00A6E326 /* ViewController.swift in Sources */,
				197126722461B08F00A6E326 /* SquareImageCell.swift in Sources */,
				197126762461C46B00A6E326 /* SlicesCell.swift in Sources */,
				1971265624618A3A00A6E326 /* AppDelegate.swift in Sources */,
				1971266A24618BA700A6E326 /* GlueViewController.swift in Sources */,
				1971266E24618EE600A6E326 /* ImageCropper.swift in Sources */,
				1971267924621C2400A6E326 /* ImageHelper.swift in Sources */,
			);
			runOnlyForDeploymentPostprocessing = 0;
		};
/* End PBXSourcesBuildPhase section */

/* Begin PBXVariantGroup section */
		1971265B24618A3A00A6E326 /* Main.storyboard */ = {
			isa = PBXVariantGroup;
			children = (
				1971265C24618A3A00A6E326 /* Base */,
			);
			name = Main.storyboard;
			sourceTree = "<group>";
		};
		1971266024618A4100A6E326 /* LaunchScreen.storyboard */ = {
			isa = PBXVariantGroup;
			children = (
				1971266124618A4100A6E326 /* Base */,
			);
			name = LaunchScreen.storyboard;
			sourceTree = "<group>";
		};
/* End PBXVariantGroup section */

/* Begin XCBuildConfiguration section */
		1971266424618A4100A6E326 /* Debug */ = {
			isa = XCBuildConfiguration;
			buildSettings = {
				ALWAYS_SEARCH_USER_PATHS = NO;
				CLANG_ANALYZER_NONNULL = YES;
				CLANG_ANALYZER_NUMBER_OBJECT_CONVERSION = YES_AGGRESSIVE;
				CLANG_CXX_LANGUAGE_STANDARD = "gnu++14";
				CLANG_CXX_LIBRARY = "libc++";
				CLANG_ENABLE_MODULES = YES;
				CLANG_ENABLE_OBJC_ARC = YES;
				CLANG_ENABLE_OBJC_WEAK = YES;
				CLANG_WARN_BLOCK_CAPTURE_AUTORELEASING = YES;
				CLANG_WARN_BOOL_CONVERSION = YES;
				CLANG_WARN_COMMA = YES;
				CLANG_WARN_CONSTANT_CONVERSION = YES;
				CLANG_WARN_DEPRECATED_OBJC_IMPLEMENTATIONS = YES;
				CLANG_WARN_DIRECT_OBJC_ISA_USAGE = YES_ERROR;
				CLANG_WARN_DOCUMENTATION_COMMENTS = YES;
				CLANG_WARN_EMPTY_BODY = YES;
				CLANG_WARN_ENUM_CONVERSION = YES;
				CLANG_WARN_INFINITE_RECURSION = YES;
				CLANG_WARN_INT_CONVERSION = YES;
				CLANG_WARN_NON_LITERAL_NULL_CONVERSION = YES;
				CLANG_WARN_OBJC_IMPLICIT_RETAIN_SELF = YES;
				CLANG_WARN_OBJC_LITERAL_CONVERSION = YES;
				CLANG_WARN_OBJC_ROOT_CLASS = YES_ERROR;
				CLANG_WARN_RANGE_LOOP_ANALYSIS = YES;
				CLANG_WARN_STRICT_PROTOTYPES = YES;
				CLANG_WARN_SUSPICIOUS_MOVE = YES;
				CLANG_WARN_UNGUARDED_AVAILABILITY = YES_AGGRESSIVE;
				CLANG_WARN_UNREACHABLE_CODE = YES;
				CLANG_WARN__DUPLICATE_METHOD_MATCH = YES;
				COPY_PHASE_STRIP = NO;
				DEBUG_INFORMATION_FORMAT = dwarf;
				ENABLE_STRICT_OBJC_MSGSEND = YES;
				ENABLE_TESTABILITY = YES;
				GCC_C_LANGUAGE_STANDARD = gnu11;
				GCC_DYNAMIC_NO_PIC = NO;
				GCC_NO_COMMON_BLOCKS = YES;
				GCC_OPTIMIZATION_LEVEL = 0;
				GCC_PREPROCESSOR_DEFINITIONS = (
					"DEBUG=1",
					"$(inherited)",
				);
				GCC_WARN_64_TO_32_BIT_CONVERSION = YES;
				GCC_WARN_ABOUT_RETURN_TYPE = YES_ERROR;
				GCC_WARN_UNDECLARED_SELECTOR = YES;
				GCC_WARN_UNINITIALIZED_AUTOS = YES_AGGRESSIVE;
				GCC_WARN_UNUSED_FUNCTION = YES;
				GCC_WARN_UNUSED_VARIABLE = YES;
				IPHONEOS_DEPLOYMENT_TARGET = 13.4;
				MTL_ENABLE_DEBUG_INFO = INCLUDE_SOURCE;
				MTL_FAST_MATH = YES;
				ONLY_ACTIVE_ARCH = YES;
				SDKROOT = iphoneos;
				SWIFT_ACTIVE_COMPILATION_CONDITIONS = DEBUG;
				SWIFT_OPTIMIZATION_LEVEL = "-Onone";
			};
			name = Debug;
		};
		1971266524618A4100A6E326 /* Release */ = {
			isa = XCBuildConfiguration;
			buildSettings = {
				ALWAYS_SEARCH_USER_PATHS = NO;
				CLANG_ANALYZER_NONNULL = YES;
				CLANG_ANALYZER_NUMBER_OBJECT_CONVERSION = YES_AGGRESSIVE;
				CLANG_CXX_LANGUAGE_STANDARD = "gnu++14";
				CLANG_CXX_LIBRARY = "libc++";
				CLANG_ENABLE_MODULES = YES;
				CLANG_ENABLE_OBJC_ARC = YES;
				CLANG_ENABLE_OBJC_WEAK = YES;
				CLANG_WARN_BLOCK_CAPTURE_AUTORELEASING = YES;
				CLANG_WARN_BOOL_CONVERSION = YES;
				CLANG_WARN_COMMA = YES;
				CLANG_WARN_CONSTANT_CONVERSION = YES;
				CLANG_WARN_DEPRECATED_OBJC_IMPLEMENTATIONS = YES;
				CLANG_WARN_DIRECT_OBJC_ISA_USAGE = YES_ERROR;
				CLANG_WARN_DOCUMENTATION_COMMENTS = YES;
				CLANG_WARN_EMPTY_BODY = YES;
				CLANG_WARN_ENUM_CONVERSION = YES;
				CLANG_WARN_INFINITE_RECURSION = YES;
				CLANG_WARN_INT_CONVERSION = YES;
				CLANG_WARN_NON_LITERAL_NULL_CONVERSION = YES;
				CLANG_WARN_OBJC_IMPLICIT_RETAIN_SELF = YES;
				CLANG_WARN_OBJC_LITERAL_CONVERSION = YES;
				CLANG_WARN_OBJC_ROOT_CLASS = YES_ERROR;
				CLANG_WARN_RANGE_LOOP_ANALYSIS = YES;
				CLANG_WARN_STRICT_PROTOTYPES = YES;
				CLANG_WARN_SUSPICIOUS_MOVE = YES;
				CLANG_WARN_UNGUARDED_AVAILABILITY = YES_AGGRESSIVE;
				CLANG_WARN_UNREACHABLE_CODE = YES;
				CLANG_WARN__DUPLICATE_METHOD_MATCH = YES;
				COPY_PHASE_STRIP = NO;
				DEBUG_INFORMATION_FORMAT = "dwarf-with-dsym";
				ENABLE_NS_ASSERTIONS = NO;
				ENABLE_STRICT_OBJC_MSGSEND = YES;
				GCC_C_LANGUAGE_STANDARD = gnu11;
				GCC_NO_COMMON_BLOCKS = YES;
				GCC_WARN_64_TO_32_BIT_CONVERSION = YES;
				GCC_WARN_ABOUT_RETURN_TYPE = YES_ERROR;
				GCC_WARN_UNDECLARED_SELECTOR = YES;
				GCC_WARN_UNINITIALIZED_AUTOS = YES_AGGRESSIVE;
				GCC_WARN_UNUSED_FUNCTION = YES;
				GCC_WARN_UNUSED_VARIABLE = YES;
				IPHONEOS_DEPLOYMENT_TARGET = 13.4;
				MTL_ENABLE_DEBUG_INFO = NO;
				MTL_FAST_MATH = YES;
				SDKROOT = iphoneos;
				SWIFT_COMPILATION_MODE = wholemodule;
				SWIFT_OPTIMIZATION_LEVEL = "-O";
				VALIDATE_PRODUCT = YES;
			};
			name = Release;
		};
		1971266724618A4100A6E326 /* Debug */ = {
			isa = XCBuildConfiguration;
			baseConfigurationReference = 994FA49AD43481F61D553F96 /* Pods-ClientApplication.debug.xcconfig */;
			buildSettings = {
				ASSETCATALOG_COMPILER_APPICON_NAME = AppIcon;
				CODE_SIGN_STYLE = Automatic;
				DEVELOPMENT_TEAM = 8U8ABLMRK4;
				INFOPLIST_FILE = ClientApplication/Info.plist;
				IPHONEOS_DEPLOYMENT_TARGET = 12.0;
				LD_RUNPATH_SEARCH_PATHS = (
					"$(inherited)",
					"@executable_path/Frameworks",
				);
				PRODUCT_BUNDLE_IDENTIFIER = com.roveapps.ClientApplication;
				PRODUCT_NAME = "$(TARGET_NAME)";
				SWIFT_VERSION = 5.0;
				TARGETED_DEVICE_FAMILY = "1,2";
			};
			name = Debug;
		};
		1971266824618A4100A6E326 /* Release */ = {
			isa = XCBuildConfiguration;
			baseConfigurationReference = 44A2F79BC913E7853F773070 /* Pods-ClientApplication.release.xcconfig */;
			buildSettings = {
				ASSETCATALOG_COMPILER_APPICON_NAME = AppIcon;
				CODE_SIGN_STYLE = Automatic;
				DEVELOPMENT_TEAM = 8U8ABLMRK4;
				INFOPLIST_FILE = ClientApplication/Info.plist;
				IPHONEOS_DEPLOYMENT_TARGET = 12.0;
				LD_RUNPATH_SEARCH_PATHS = (
					"$(inherited)",
					"@executable_path/Frameworks",
				);
				PRODUCT_BUNDLE_IDENTIFIER = com.roveapps.ClientApplication;
				PRODUCT_NAME = "$(TARGET_NAME)";
				SWIFT_VERSION = 5.0;
				TARGETED_DEVICE_FAMILY = "1,2";
			};
			name = Release;
		};
/* End XCBuildConfiguration section */

/* Begin XCConfigurationList section */
		1971264D24618A3A00A6E326 /* Build configuration list for PBXProject "ClientApplication" */ = {
			isa = XCConfigurationList;
			buildConfigurations = (
				1971266424618A4100A6E326 /* Debug */,
				1971266524618A4100A6E326 /* Release */,
			);
			defaultConfigurationIsVisible = 0;
			defaultConfigurationName = Release;
		};
		1971266624618A4100A6E326 /* Build configuration list for PBXNativeTarget "ClientApplication" */ = {
			isa = XCConfigurationList;
			buildConfigurations = (
				1971266724618A4100A6E326 /* Debug */,
				1971266824618A4100A6E326 /* Release */,
			);
			defaultConfigurationIsVisible = 0;
			defaultConfigurationName = Release;
		};
/* End XCConfigurationList section */
	};
	rootObject = 1971264A24618A3A00A6E326 /* Project object */;
}
